
Microsoft Visual Studio Solution File, Format Version 12.00
# Visual Studio 15
VisualStudioVersion = 15.0.26730.16
MinimumVisualStudioVersion = 10.0.40219.1
Project("{FAE04EC0-301F-11D3-BF4B-00C04F79EFBC}") = "PptScoring", "PptScoring\PptScoring.csproj", "{4D1E7ECE-BAA7-4C77-9D7F-74D1FD731458}"
EndProject
Global
	GlobalSection(SolutionConfigurationPlatforms) = preSolution
		Debug|Any CPU = Debug|Any CPU
		Release|Any CPU = Release|Any CPU
	EndGlobalSection
	GlobalSection(ProjectConfigurationPlatforms) = postSolution
		{4D1E7ECE-BAA7-4C77-9D7F-74D1FD731458}.Debug|Any CPU.ActiveCfg = Debug|Any CPU
		{4D1E7ECE-BAA7-4C77-9D7F-74D1FD731458}.Debug|Any CPU.Build.0 = Debug|Any CPU
		{4D1E7ECE-BAA7-4C77-9D7F-74D1FD731458}.Release|Any CPU.ActiveCfg = Release|Any CPU
		{4D1E7ECE-BAA7-4C77-9D7F-74D1FD731458}.Release|Any CPU.Build.0 = Release|Any CPU
	EndGlobalSection
	GlobalSection(SolutionProperties) = preSolution
		HideSolutionNode = FALSE
	EndGlobalSection
	GlobalSection(ExtensibilityGlobals) = postSolution
		SolutionGuid = {3BBFA617-EE6E-4E67-9F16-556517E5DD53}
	EndGlobalSection
EndGlobal
